
Microsoft Visual Studio Solution File, Format Version 12.00
# Visual Studio Version 16
VisualStudioVersion = 16.0.29326.143
MinimumVisualStudioVersion = 10.0.40219.1
Project("{2150E333-8FDC-42A3-9474-1A3956D46DE8}") = "Resource", "Resource", "{3AA06B62-5C06-4A96-AD96-A79BDEA95670}"
EndProject
Project("{2150E333-8FDC-42A3-9474-1A3956D46DE8}") = "Model", "Model", "{65AE71C4-3D16-42E8-B431-FECCA7E002FE}"
EndProject
Project("{2150E333-8FDC-42A3-9474-1A3956D46DE8}") = "Domain", "Domain", "{4AD6AD46-A182-4557-94A0-9B33043FB2D3}"
EndProject
Project("{2150E333-8FDC-42A3-9474-1A3956D46DE8}") = "WebApi", "WebApi", "{D64476FD-A1F4-4E2F-B7D1-C620A738FB33}"
EndProject
Project("{2150E333-8FDC-42A3-9474-1A3956D46DE8}") = "WebApp", "WebApp", "{4D24DA8F-E192-4A7F-BEA4-E50FB228BF73}"
EndProject
Project("{9A19103F-16F7-4668-BE54-9A1E7A4F7556}") = "ClientWebAppBlazor", "WebApp\EndUser\ClientWebAppBlazor.csproj", "{45D74BCB-5E91-4D60-B159-E184FE4A0410}"
EndProject
Project("{9A19103F-16F7-4668-BE54-9A1E7A4F7556}") = "ResourceModel", "Model\Resource\ResourceModel\ResourceModel.csproj", "{9285E843-42E2-4B3E-8640-6D8EE4CBFB40}"
EndProject
Project("{9A19103F-16F7-4668-BE54-9A1E7A4F7556}") = "DomainModel", "Domain\DomainModel\DomainModel.csproj", "{4145E9C2-5684-4768-B8DD-5A9D27294174}"
EndProject
Project("{9A19103F-16F7-4668-BE54-9A1E7A4F7556}") = "WebApiAuthentication", "WebApi\WebApiAuthentication\WebApiAuthentication.csproj", "{22748B18-5CFD-4953-A3D5-F0E6DC62D145}"
EndProject
Project("{9A19103F-16F7-4668-BE54-9A1E7A4F7556}") = "WebAppBlazorWASM", "WebApp\WebAppBlazorWASM\WebAppBlazorWASM.csproj", "{A4389F24-7452-4746-93BB-B916B9E4FC5F}"
EndProject
Project("{2150E333-8FDC-42A3-9474-1A3956D46DE8}") = "Database", "Database", "{2D8A817D-FE11-454B-ABAA-7ADB17AB71BD}"
EndProject
Project("{9A19103F-16F7-4668-BE54-9A1E7A4F7556}") = "WebApiEmployeeManage", "WebApi\WebApiEmployeeManage\WebApiEmployeeManage.csproj", "{A04529BF-9B71-454E-A650-77617559796C}"
EndProject
Project("{00D1A9C2-B5F0-4AF3-8072-F6C62B433612}") = "BlazorAppWinWin", "Database\BlazorAppWinWin\BlazorAppWinWin.sqlproj", "{DAAEC4ED-4357-43D9-8C75-13D3CCD77EFA}"
EndProject
Project("{2150E333-8FDC-42A3-9474-1A3956D46DE8}") = "Comparator", "Comparator", "{5933ED61-FBDA-496E-A52B-4A0E5AD8FF2B}"
	ProjectSection(SolutionItems) = preProject
		Database\Comparator\SqlSchemaCompare1.scmp = Database\Comparator\SqlSchemaCompare1.scmp
	EndProjectSection
EndProject
Global
	GlobalSection(SolutionConfigurationPlatforms) = preSolution
		Debug|Any CPU = Debug|Any CPU
		Release|Any CPU = Release|Any CPU
	EndGlobalSection
	GlobalSection(ProjectConfigurationPlatforms) = postSolution
		{45D74BCB-5E91-4D60-B159-E184FE4A0410}.Debug|Any CPU.ActiveCfg = Debug|Any CPU
		{45D74BCB-5E91-4D60-B159-E184FE4A0410}.Debug|Any CPU.Build.0 = Debug|Any CPU
		{45D74BCB-5E91-4D60-B159-E184FE4A0410}.Release|Any CPU.ActiveCfg = Release|Any CPU
		{45D74BCB-5E91-4D60-B159-E184FE4A0410}.Release|Any CPU.Build.0 = Release|Any CPU
		{9285E843-42E2-4B3E-8640-6D8EE4CBFB40}.Debug|Any CPU.ActiveCfg = Debug|Any CPU
		{9285E843-42E2-4B3E-8640-6D8EE4CBFB40}.Debug|Any CPU.Build.0 = Debug|Any CPU
		{9285E843-42E2-4B3E-8640-6D8EE4CBFB40}.Release|Any CPU.ActiveCfg = Release|Any CPU
		{9285E843-42E2-4B3E-8640-6D8EE4CBFB40}.Release|Any CPU.Build.0 = Release|Any CPU
		{4145E9C2-5684-4768-B8DD-5A9D27294174}.Debug|Any CPU.ActiveCfg = Debug|Any CPU
		{4145E9C2-5684-4768-B8DD-5A9D27294174}.Debug|Any CPU.Build.0 = Debug|Any CPU
		{4145E9C2-5684-4768-B8DD-5A9D27294174}.Release|Any CPU.ActiveCfg = Release|Any CPU
		{4145E9C2-5684-4768-B8DD-5A9D27294174}.Release|Any CPU.Build.0 = Release|Any CPU
		{22748B18-5CFD-4953-A3D5-F0E6DC62D145}.Debug|Any CPU.ActiveCfg = Debug|Any CPU
		{22748B18-5CFD-4953-A3D5-F0E6DC62D145}.Debug|Any CPU.Build.0 = Debug|Any CPU
		{22748B18-5CFD-4953-A3D5-F0E6DC62D145}.Release|Any CPU.ActiveCfg = Release|Any CPU
		{22748B18-5CFD-4953-A3D5-F0E6DC62D145}.Release|Any CPU.Build.0 = Release|Any CPU
		{A4389F24-7452-4746-93BB-B916B9E4FC5F}.Debug|Any CPU.ActiveCfg = Debug|Any CPU
		{A4389F24-7452-4746-93BB-B916B9E4FC5F}.Debug|Any CPU.Build.0 = Debug|Any CPU
		{A4389F24-7452-4746-93BB-B916B9E4FC5F}.Release|Any CPU.ActiveCfg = Release|Any CPU
		{A4389F24-7452-4746-93BB-B916B9E4FC5F}.Release|Any CPU.Build.0 = Release|Any CPU
		{A04529BF-9B71-454E-A650-77617559796C}.Debug|Any CPU.ActiveCfg = Debug|Any CPU
		{A04529BF-9B71-454E-A650-77617559796C}.Debug|Any CPU.Build.0 = Debug|Any CPU
		{A04529BF-9B71-454E-A650-77617559796C}.Release|Any CPU.ActiveCfg = Release|Any CPU
		{A04529BF-9B71-454E-A650-77617559796C}.Release|Any CPU.Build.0 = Release|Any CPU
		{DAAEC4ED-4357-43D9-8C75-13D3CCD77EFA}.Debug|Any CPU.ActiveCfg = Debug|Any CPU
		{DAAEC4ED-4357-43D9-8C75-13D3CCD77EFA}.Debug|Any CPU.Build.0 = Debug|Any CPU
		{DAAEC4ED-4357-43D9-8C75-13D3CCD77EFA}.Debug|Any CPU.Deploy.0 = Debug|Any CPU
		{DAAEC4ED-4357-43D9-8C75-13D3CCD77EFA}.Release|Any CPU.ActiveCfg = Release|Any CPU
		{DAAEC4ED-4357-43D9-8C75-13D3CCD77EFA}.Release|Any CPU.Build.0 = Release|Any CPU
		{DAAEC4ED-4357-43D9-8C75-13D3CCD77EFA}.Release|Any CPU.Deploy.0 = Release|Any CPU
	EndGlobalSection
	GlobalSection(SolutionProperties) = preSolution
		HideSolutionNode = FALSE
	EndGlobalSection
	GlobalSection(NestedProjects) = preSolution
		{3AA06B62-5C06-4A96-AD96-A79BDEA95670} = {65AE71C4-3D16-42E8-B431-FECCA7E002FE}
		{4AD6AD46-A182-4557-94A0-9B33043FB2D3} = {65AE71C4-3D16-42E8-B431-FECCA7E002FE}
		{45D74BCB-5E91-4D60-B159-E184FE4A0410} = {4D24DA8F-E192-4A7F-BEA4-E50FB228BF73}
		{9285E843-42E2-4B3E-8640-6D8EE4CBFB40} = {3AA06B62-5C06-4A96-AD96-A79BDEA95670}
		{4145E9C2-5684-4768-B8DD-5A9D27294174} = {4AD6AD46-A182-4557-94A0-9B33043FB2D3}
		{22748B18-5CFD-4953-A3D5-F0E6DC62D145} = {D64476FD-A1F4-4E2F-B7D1-C620A738FB33}
		{A4389F24-7452-4746-93BB-B916B9E4FC5F} = {4D24DA8F-E192-4A7F-BEA4-E50FB228BF73}
		{A04529BF-9B71-454E-A650-77617559796C} = {D64476FD-A1F4-4E2F-B7D1-C620A738FB33}
		{DAAEC4ED-4357-43D9-8C75-13D3CCD77EFA} = {2D8A817D-FE11-454B-ABAA-7ADB17AB71BD}
		{5933ED61-FBDA-496E-A52B-4A0E5AD8FF2B} = {2D8A817D-FE11-454B-ABAA-7ADB17AB71BD}
	EndGlobalSection
	GlobalSection(ExtensibilityGlobals) = postSolution
		SolutionGuid = {E5C22593-B0DD-4B12-8A41-3B03370A7437}
	EndGlobalSection
EndGlobal
